
Microsoft Visual Studio Solution File, Format Version 12.00
# Visual Studio Version 17
VisualStudioVersion = 17.9.34622.214
MinimumVisualStudioVersion = 10.0.40219.1
Project("{8BC9CEB8-8B4A-11D0-8D11-00A0C91BC942}") = "UserMode", "UserMode\UserMode.vcxproj", "{5A5A5B32-4A65-40EC-ADED-7282DCD6705D}"
EndProject
Project("{8BC9CEB8-8B4A-11D0-8D11-00A0C91BC942}") = "KernelMode", "KernelMode\KernelMode.vcxproj", "{99A180FA-FD8A-40E9-8EFD-0D1F25D585CE}"
EndProject
Global
	GlobalSection(SolutionConfigurationPlatforms) = preSolution
		Debug|ARM64 = Debug|ARM64
		Debug|x64 = Debug|x64
		Debug|x86 = Debug|x86
		Release|ARM64 = Release|ARM64
		Release|x64 = Release|x64
		Release|x86 = Release|x86
	EndGlobalSection
	GlobalSection(ProjectConfigurationPlatforms) = postSolution
		{5A5A5B32-4A65-40EC-ADED-7282DCD6705D}.Debug|ARM64.ActiveCfg = Debug|x64
		{5A5A5B32-4A65-40EC-ADED-7282DCD6705D}.Debug|ARM64.Build.0 = Debug|x64
		{5A5A5B32-4A65-40EC-ADED-7282DCD6705D}.Debug|x64.ActiveCfg = Debug|x64
		{5A5A5B32-4A65-40EC-ADED-7282DCD6705D}.Debug|x64.Build.0 = Debug|x64
		{5A5A5B32-4A65-40EC-ADED-7282DCD6705D}.Debug|x86.ActiveCfg = Debug|Win32
		{5A5A5B32-4A65-40EC-ADED-7282DCD6705D}.Debug|x86.Build.0 = Debug|Win32
		{5A5A5B32-4A65-40EC-ADED-7282DCD6705D}.Release|ARM64.ActiveCfg = Release|x64
		{5A5A5B32-4A65-40EC-ADED-7282DCD6705D}.Release|ARM64.Build.0 = Release|x64
		{5A5A5B32-4A65-40EC-ADED-7282DCD6705D}.Release|x64.ActiveCfg = Release|x64
		{5A5A5B32-4A65-40EC-ADED-7282DCD6705D}.Release|x64.Build.0 = Release|x64
		{5A5A5B32-4A65-40EC-ADED-7282DCD6705D}.Release|x86.ActiveCfg = Release|Win32
		{5A5A5B32-4A65-40EC-ADED-7282DCD6705D}.Release|x86.Build.0 = Release|Win32
		{99A180FA-FD8A-40E9-8EFD-0D1F25D585CE}.Debug|ARM64.ActiveCfg = Debug|ARM64
		{99A180FA-FD8A-40E9-8EFD-0D1F25D585CE}.Debug|ARM64.Build.0 = Debug|ARM64
		{99A180FA-FD8A-40E9-8EFD-0D1F25D585CE}.Debug|ARM64.Deploy.0 = Debug|ARM64
		{99A180FA-FD8A-40E9-8EFD-0D1F25D585CE}.Debug|x64.ActiveCfg = Debug|x64
		{99A180FA-FD8A-40E9-8EFD-0D1F25D585CE}.Debug|x64.Build.0 = Debug|x64
		{99A180FA-FD8A-40E9-8EFD-0D1F25D585CE}.Debug|x64.Deploy.0 = Debug|x64
		{99A180FA-FD8A-40E9-8EFD-0D1F25D585CE}.Debug|x86.ActiveCfg = Debug|x64
		{99A180FA-FD8A-40E9-8EFD-0D1F25D585CE}.Debug|x86.Build.0 = Debug|x64
		{99A180FA-FD8A-40E9-8EFD-0D1F25D585CE}.Debug|x86.Deploy.0 = Debug|x64
		{99A180FA-FD8A-40E9-8EFD-0D1F25D585CE}.Release|ARM64.ActiveCfg = Release|ARM64
		{99A180FA-FD8A-40E9-8EFD-0D1F25D585CE}.Release|ARM64.Build.0 = Release|ARM64
		{99A180FA-FD8A-40E9-8EFD-0D1F25D585CE}.Release|ARM64.Deploy.0 = Release|ARM64
		{99A180FA-FD8A-40E9-8EFD-0D1F25D585CE}.Release|x64.ActiveCfg = Release|x64
		{99A180FA-FD8A-40E9-8EFD-0D1F25D585CE}.Release|x64.Build.0 = Release|x64
		{99A180FA-FD8A-40E9-8EFD-0D1F25D585CE}.Release|x64.Deploy.0 = Release|x64
		{99A180FA-FD8A-40E9-8EFD-0D1F25D585CE}.Release|x86.ActiveCfg = Release|x64
		{99A180FA-FD8A-40E9-8EFD-0D1F25D585CE}.Release|x86.Build.0 = Release|x64
		{99A180FA-FD8A-40E9-8EFD-0D1F25D585CE}.Release|x86.Deploy.0 = Release|x64
	EndGlobalSection
	GlobalSection(SolutionProperties) = preSolution
		HideSolutionNode = FALSE
	EndGlobalSection
	GlobalSection(ExtensibilityGlobals) = postSolution
		SolutionGuid = {948CD1FA-5CBB-42A4-BED8-828CA032BC2F}
	EndGlobalSection
EndGlobal
